
Microsoft Visual Studio Solution File, Format Version 12.00
# Visual Studio 15
VisualStudioVersion = 15.0.28307.852
MinimumVisualStudioVersion = 10.0.40219.1
Project("{FAE04EC0-301F-11D3-BF4B-00C04F79EFBC}") = "Localization", "Localization\Localization.csproj", "{B8118948-D77B-4DD8-B355-00B9AC6DB322}"
EndProject
Project("{54435603-DBB4-11D2-8724-00A0C9A8B90C}") = "localization_setup", "localization_setup\localization_setup.vdproj", "{0696A385-3CBC-48DB-84E3-545B86FE0FE9}"
EndProject
Global
	GlobalSection(SolutionConfigurationPlatforms) = preSolution
		Debug|Any CPU = Debug|Any CPU
		Release|Any CPU = Release|Any CPU
	EndGlobalSection
	GlobalSection(ProjectConfigurationPlatforms) = postSolution
		{B8118948-D77B-4DD8-B355-00B9AC6DB322}.Debug|Any CPU.ActiveCfg = Debug|Any CPU
		{B8118948-D77B-4DD8-B355-00B9AC6DB322}.Debug|Any CPU.Build.0 = Debug|Any CPU
		{B8118948-D77B-4DD8-B355-00B9AC6DB322}.Release|Any CPU.ActiveCfg = Release|Any CPU
		{B8118948-D77B-4DD8-B355-00B9AC6DB322}.Release|Any CPU.Build.0 = Release|Any CPU
		{0696A385-3CBC-48DB-84E3-545B86FE0FE9}.Debug|Any CPU.ActiveCfg = Debug
		{0696A385-3CBC-48DB-84E3-545B86FE0FE9}.Release|Any CPU.ActiveCfg = Release
	EndGlobalSection
	GlobalSection(SolutionProperties) = preSolution
		HideSolutionNode = FALSE
	EndGlobalSection
	GlobalSection(ExtensibilityGlobals) = postSolution
		SolutionGuid = {A398D2DF-56D7-445B-A0E2-E5398D938133}
	EndGlobalSection
EndGlobal
